
Microsoft Visual Studio Solution File, Format Version 12.00
# Visual Studio Version 16
VisualStudioVersion = 16.0.31321.278
MinimumVisualStudioVersion = 10.0.40219.1
Project("{FAE04EC0-301F-11D3-BF4B-00C04F79EFBC}") = "SimpleResourceAppAsp", "SimpleResourceAppAsp\SimpleResourceAppAsp.csproj", "{A3C20FFE-21E0-4445-9734-65E640B1AC89}"
EndProject
Project("{FAE04EC0-301F-11D3-BF4B-00C04F79EFBC}") = "SimpleResourceAppModels", "SimpleResourceAppModels\SimpleResourceAppModels.csproj", "{698D8518-5566-4CD2-8A80-A61C79609C87}"
EndProject
Global
	GlobalSection(SolutionConfigurationPlatforms) = preSolution
		Debug|Any CPU = Debug|Any CPU
		Release|Any CPU = Release|Any CPU
	EndGlobalSection
	GlobalSection(ProjectConfigurationPlatforms) = postSolution
		{A3C20FFE-21E0-4445-9734-65E640B1AC89}.Debug|Any CPU.ActiveCfg = Debug|Any CPU
		{A3C20FFE-21E0-4445-9734-65E640B1AC89}.Debug|Any CPU.Build.0 = Debug|Any CPU
		{A3C20FFE-21E0-4445-9734-65E640B1AC89}.Release|Any CPU.ActiveCfg = Release|Any CPU
		{A3C20FFE-21E0-4445-9734-65E640B1AC89}.Release|Any CPU.Build.0 = Release|Any CPU
		{698D8518-5566-4CD2-8A80-A61C79609C87}.Debug|Any CPU.ActiveCfg = Debug|Any CPU
		{698D8518-5566-4CD2-8A80-A61C79609C87}.Debug|Any CPU.Build.0 = Debug|Any CPU
		{698D8518-5566-4CD2-8A80-A61C79609C87}.Release|Any CPU.ActiveCfg = Release|Any CPU
		{698D8518-5566-4CD2-8A80-A61C79609C87}.Release|Any CPU.Build.0 = Release|Any CPU
	EndGlobalSection
	GlobalSection(SolutionProperties) = preSolution
		HideSolutionNode = FALSE
	EndGlobalSection
	GlobalSection(ExtensibilityGlobals) = postSolution
		SolutionGuid = {84257C7B-F349-4A3D-BED4-AE7A73C9D533}
	EndGlobalSection
EndGlobal
